PODS:
  - PrettyExtensionsKit/SwiftCore (0.4.0)
  - PrettyExtensionsKit/UIKit (0.4.0):
    - PrettyExtensionsKit/SwiftCore

DEPENDENCIES:
  - PrettyExtensionsKit/UIKit

SPEC REPOS:
  https://github.com/cocoapods/specs.git:
    - PrettyExtensionsKit

SPEC CHECKSUMS:
  PrettyExtensionsKit: cd883bfadb28ac9f6f5f43432cd97b44a590f296

PODFILE CHECKSUM: a6c702e59f369e688b00aa01da9078bd49776c7c

COCOAPODS: 1.7.1
