PODS:
  - PrettyExtensionsKit/CoreGraphics (0.3.1):
    - PrettyExtensionsKit/SwiftCore
  - PrettyExtensionsKit/SwiftCore (0.3.1)
  - PrettyExtensionsKit/UIKit (0.3.1):
    - PrettyExtensionsKit/CoreGraphics
    - PrettyExtensionsKit/SwiftCore

DEPENDENCIES:
  - PrettyExtensionsKit/UIKit

SPEC REPOS:
  https://github.com/cocoapods/specs.git:
    - PrettyExtensionsKit

SPEC CHECKSUMS:
  PrettyExtensionsKit: 0daa73fde17d7131a4d165a8dfab4001806cde9a

PODFILE CHECKSUM: a6c702e59f369e688b00aa01da9078bd49776c7c

COCOAPODS: 1.5.3
